// !$*UTF8*$!
{
	archiveVersion = 1;
	classes = {
	};
	objectVersion = 56;
	objects = {

/* Begin PBXBuildFile section */
		FE282B8C2A287EFC00282082 /* FAQ.swift in Sources */ = {isa = PBXBuildFile; fileRef = FE282B8B2A287EFC00282082 /* FAQ.swift */; };
		FE282B8F2A287F7700282082 /* faqData.json in Resources */ = {isa = PBXBuildFile; fileRef = FE282B8E2A287F7700282082 /* faqData.json */; };
		FE282B912A287FF600282082 /* ModelData.swift in Sources */ = {isa = PBXBuildFile; fileRef = FE282B902A287FF600282082 /* ModelData.swift */; };
		FE282B932A28814600282082 /* FAQRow.swift in Sources */ = {isa = PBXBuildFile; fileRef = FE282B922A28814600282082 /* FAQRow.swift */; };
		FE282B962A28834C00282082 /* PrimaryButton.swift in Sources */ = {isa = PBXBuildFile; fileRef = FE282B952A28834C00282082 /* PrimaryButton.swift */; };
		FE282B982A2883FC00282082 /* Extensions.swift in Sources */ = {isa = PBXBuildFile; fileRef = FE282B972A2883FC00282082 /* Extensions.swift */; };
		FE282B9A2A28873100282082 /* ProfileRow.swift in Sources */ = {isa = PBXBuildFile; fileRef = FE282B992A28873100282082 /* ProfileRow.swift */; };
		FE282B9D2A28916000282082 /* FirebaseFirestore in Frameworks */ = {isa = PBXBuildFile; productRef = FE282B9C2A28916000282082 /* FirebaseFirestore */; };
		FE282B9F2A28923000282082 /* GoogleService-Info.plist in Resources */ = {isa = PBXBuildFile; fileRef = FE282B9E2A28923000282082 /* GoogleService-Info.plist */; };
		FE282BA12A2893A700282082 /* Certificate.swift in Sources */ = {isa = PBXBuildFile; fileRef = FE282BA02A2893A700282082 /* Certificate.swift */; };
		FE282BA42A28964300282082 /* CertificateViewModel.swift in Sources */ = {isa = PBXBuildFile; fileRef = FE282BA32A28964300282082 /* CertificateViewModel.swift */; };
		FE282BA62A28995E00282082 /* CertificatesView.swift in Sources */ = {isa = PBXBuildFile; fileRef = FE282BA52A28995E00282082 /* CertificatesView.swift */; };
		FE282BA92A2899D900282082 /* CertificateCard.swift in Sources */ = {isa = PBXBuildFile; fileRef = FE282BA82A2899D900282082 /* CertificateCard.swift */; };
		FE282BAB2A28ADFD00282082 /* NotificationRow.swift in Sources */ = {isa = PBXBuildFile; fileRef = FE282BAA2A28ADFD00282082 /* NotificationRow.swift */; };
		FE282BAD2A28AEF500282082 /* LiteModeRow.swift in Sources */ = {isa = PBXBuildFile; fileRef = FE282BAC2A28AEF500282082 /* LiteModeRow.swift */; };
		FE282BB02A28D2F300282082 /* FirebaseAnalytics in Frameworks */ = {isa = PBXBuildFile; productRef = FE282BAF2A28D2F300282082 /* FirebaseAnalytics */; };
		FE282BB22A28D2F300282082 /* FirebaseMessaging in Frameworks */ = {isa = PBXBuildFile; productRef = FE282BB12A28D2F300282082 /* FirebaseMessaging */; };
		FE282BB72A28D73B00282082 /* AppDelegate.swift in Sources */ = {isa = PBXBuildFile; fileRef = FE282BB62A28D73B00282082 /* AppDelegate.swift */; };
		FE282BB92A28E8B600282082 /* NotificationViewModel.swift in Sources */ = {isa = PBXBuildFile; fileRef = FE282BB82A28E8B600282082 /* NotificationViewModel.swift */; };
		FE282BBB2A28F43900282082 /* NetworkReachability.swift in Sources */ = {isa = PBXBuildFile; fileRef = FE282BBA2A28F43900282082 /* NetworkReachability.swift */; };
		FEC07D752A27882E00941656 /* SwiftUICombineAndDataApp.swift in Sources */ = {isa = PBXBuildFile; fileRef = FEC07D742A27882E00941656 /* SwiftUICombineAndDataApp.swift */; };
		FEC07D772A27882E00941656 /* ContentView.swift in Sources */ = {isa = PBXBuildFile; fileRef = FEC07D762A27882E00941656 /* ContentView.swift */; };
		FEC07D792A27882F00941656 /* Assets.xcassets in Resources */ = {isa = PBXBuildFile; fileRef = FEC07D782A27882F00941656 /* Assets.xcassets */; };
		FEC07D7C2A27882F00941656 /* Preview Assets.xcassets in Resources */ = {isa = PBXBuildFile; fileRef = FEC07D7B2A27882F00941656 /* Preview Assets.xcassets */; };
		FEC07D852A27891E00941656 /* VisualEffectBlur.swift in Sources */ = {isa = PBXBuildFile; fileRef = FEC07D832A27891E00941656 /* VisualEffectBlur.swift */; };
		FEC07D862A27891E00941656 /* AccountBackground.swift in Sources */ = {isa = PBXBuildFile; fileRef = FEC07D842A27891E00941656 /* AccountBackground.swift */; };
		FEC07D882A278A6000941656 /* TrackableScrollView.swift in Sources */ = {isa = PBXBuildFile; fileRef = FEC07D872A278A6000941656 /* TrackableScrollView.swift */; };
		FEC07D8A2A27927C00941656 /* MenuRow.swift in Sources */ = {isa = PBXBuildFile; fileRef = FEC07D892A27927C00941656 /* MenuRow.swift */; };
		FEC07D8C2A27936500941656 /* GradientIcon.swift in Sources */ = {isa = PBXBuildFile; fileRef = FEC07D8B2A27936500941656 /* GradientIcon.swift */; };
		FEC07D8E2A2799E900941656 /* FAQView.swift in Sources */ = {isa = PBXBuildFile; fileRef = FEC07D8D2A2799E900941656 /* FAQView.swift */; };
		FEC07D902A2799F300941656 /* PackagesView.swift in Sources */ = {isa = PBXBuildFile; fileRef = FEC07D8F2A2799F300941656 /* PackagesView.swift */; };
		FEC07D972A27A88500941656 /* Package.swift in Sources */ = {isa = PBXBuildFile; fileRef = FEC07D962A27A88500941656 /* Package.swift */; };
		FEC07D992A27A94A00941656 /* PackageRow.swift in Sources */ = {isa = PBXBuildFile; fileRef = FEC07D982A27A94A00941656 /* PackageRow.swift */; };
/* End PBXBuildFile section */

/* Begin PBXFileReference section */
		FE282B8B2A287EFC00282082 /* FAQ.swift */ = {isa = PBXFileReference; lastKnownFileType = sourcecode.swift; path = FAQ.swift; sourceTree = "<group>"; };
		FE282B8E2A287F7700282082 /* faqData.json */ = {isa = PBXFileReference; lastKnownFileType = text.json; path = faqData.json; sourceTree = "<group>"; };
		FE282B902A287FF600282082 /* ModelData.swift */ = {isa = PBXFileReference; lastKnownFileType = sourcecode.swift; path = ModelData.swift; sourceTree = "<group>"; };
		FE282B922A28814600282082 /* FAQRow.swift */ = {isa = PBXFileReference; lastKnownFileType = sourcecode.swift; path = FAQRow.swift; sourceTree = "<group>"; };
		FE282B952A28834C00282082 /* PrimaryButton.swift */ = {isa = PBXFileReference; lastKnownFileType = sourcecode.swift; path = PrimaryButton.swift; sourceTree = "<group>"; };
		FE282B972A2883FC00282082 /* Extensions.swift */ = {isa = PBXFileReference; lastKnownFileType = sourcecode.swift; path = Extensions.swift; sourceTree = "<group>"; };
		FE282B992A28873100282082 /* ProfileRow.swift */ = {isa = PBXFileReference; lastKnownFileType = sourcecode.swift; path = ProfileRow.swift; sourceTree = "<group>"; };
		FE282B9E2A28923000282082 /* GoogleService-Info.plist */ = {isa = PBXFileReference; fileEncoding = 4; lastKnownFileType = text.plist.xml; path = "GoogleService-Info.plist"; sourceTree = "<group>"; };
		FE282BA02A2893A700282082 /* Certificate.swift */ = {isa = PBXFileReference; lastKnownFileType = sourcecode.swift; path = Certificate.swift; sourceTree = "<group>"; };
		FE282BA32A28964300282082 /* CertificateViewModel.swift */ = {isa = PBXFileReference; lastKnownFileType = sourcecode.swift; path = CertificateViewModel.swift; sourceTree = "<group>"; };
		FE282BA52A28995E00282082 /* CertificatesView.swift */ = {isa = PBXFileReference; lastKnownFileType = sourcecode.swift; path = CertificatesView.swift; sourceTree = "<group>"; };
		FE282BA82A2899D900282082 /* CertificateCard.swift */ = {isa = PBXFileReference; lastKnownFileType = sourcecode.swift; path = CertificateCard.swift; sourceTree = "<group>"; };
		FE282BAA2A28ADFD00282082 /* NotificationRow.swift */ = {isa = PBXFileReference; lastKnownFileType = sourcecode.swift; path = NotificationRow.swift; sourceTree = "<group>"; };
		FE282BAC2A28AEF500282082 /* LiteModeRow.swift */ = {isa = PBXFileReference; lastKnownFileType = sourcecode.swift; path = LiteModeRow.swift; sourceTree = "<group>"; };
		FE282BB32A28D69400282082 /* SwiftUICombineAndData.entitlements */ = {isa = PBXFileReference; lastKnownFileType = text.plist.entitlements; path = SwiftUICombineAndData.entitlements; sourceTree = "<group>"; };
		FE282BB42A28D6BC00282082 /* Info.plist */ = {isa = PBXFileReference; lastKnownFileType = text.plist; path = Info.plist; sourceTree = "<group>"; };
		FE282BB62A28D73B00282082 /* AppDelegate.swift */ = {isa = PBXFileReference; lastKnownFileType = sourcecode.swift; path = AppDelegate.swift; sourceTree = "<group>"; };
		FE282BB82A28E8B600282082 /* NotificationViewModel.swift */ = {isa = PBXFileReference; lastKnownFileType = sourcecode.swift; path = NotificationViewModel.swift; sourceTree = "<group>"; };
		FE282BBA2A28F43900282082 /* NetworkReachability.swift */ = {isa = PBXFileReference; lastKnownFileType = sourcecode.swift; path = NetworkReachability.swift; sourceTree = "<group>"; };
		FEC07D712A27882E00941656 /* SwiftUICombineAndData.app */ = {isa = PBXFileReference; explicitFileType = wrapper.application; includeInIndex = 0; path = SwiftUICombineAndData.app; sourceTree = BUILT_PRODUCTS_DIR; };
		FEC07D742A27882E00941656 /* SwiftUICombineAndDataApp.swift */ = {isa = PBXFileReference; lastKnownFileType = sourcecode.swift; path = SwiftUICombineAndDataApp.swift; sourceTree = "<group>"; };
		FEC07D762A27882E00941656 /* ContentView.swift */ = {isa = PBXFileReference; lastKnownFileType = sourcecode.swift; path = ContentView.swift; sourceTree = "<group>"; };
		FEC07D782A27882F00941656 /* Assets.xcassets */ = {isa = PBXFileReference; lastKnownFileType = folder.assetcatalog; path = Assets.xcassets; sourceTree = "<group>"; };
		FEC07D7B2A27882F00941656 /* Preview Assets.xcassets */ = {isa = PBXFileReference; lastKnownFileType = folder.assetcatalog; path = "Preview Assets.xcassets"; sourceTree = "<group>"; };
		FEC07D832A27891E00941656 /* VisualEffectBlur.swift */ = {isa = PBXFileReference; fileEncoding = 4; lastKnownFileType = sourcecode.swift; path = VisualEffectBlur.swift; sourceTree = "<group>"; };
		FEC07D842A27891E00941656 /* AccountBackground.swift */ = {isa = PBXFileReference; fileEncoding = 4; lastKnownFileType = sourcecode.swift; path = AccountBackground.swift; sourceTree = "<group>"; };
		FEC07D872A278A6000941656 /* TrackableScrollView.swift */ = {isa = PBXFileReference; lastKnownFileType = sourcecode.swift; path = TrackableScrollView.swift; sourceTree = "<group>"; };
		FEC07D892A27927C00941656 /* MenuRow.swift */ = {isa = PBXFileReference; lastKnownFileType = sourcecode.swift; path = MenuRow.swift; sourceTree = "<group>"; };
		FEC07D8B2A27936500941656 /* GradientIcon.swift */ = {isa = PBXFileReference; lastKnownFileType = sourcecode.swift; path = GradientIcon.swift; sourceTree = "<group>"; };
		FEC07D8D2A2799E900941656 /* FAQView.swift */ = {isa = PBXFileReference; lastKnownFileType = sourcecode.swift; path = FAQView.swift; sourceTree = "<group>"; };
		FEC07D8F2A2799F300941656 /* PackagesView.swift */ = {isa = PBXFileReference; lastKnownFileType = sourcecode.swift; path = PackagesView.swift; sourceTree = "<group>"; };
		FEC07D962A27A88500941656 /* Package.swift */ = {isa = PBXFileReference; lastKnownFileType = sourcecode.swift; path = Package.swift; sourceTree = "<group>"; };
		FEC07D982A27A94A00941656 /* PackageRow.swift */ = {isa = PBXFileReference; lastKnownFileType = sourcecode.swift; path = PackageRow.swift; sourceTree = "<group>"; };
/* End PBXFileReference section */

/* Begin PBXFrameworksBuildPhase section */
		FEC07D6E2A27882E00941656 /* Frameworks */ = {
			isa = PBXFrameworksBuildPhase;
			buildActionMask = 2147483647;
			files = (
				FE282BB22A28D2F300282082 /* FirebaseMessaging in Frameworks */,
				FE282BB02A28D2F300282082 /* FirebaseAnalytics in Frameworks */,
				FE282B9D2A28916000282082 /* FirebaseFirestore in Frameworks */,
			);
			runOnlyForDeploymentPostprocessing = 0;
		};
/* End PBXFrameworksBuildPhase section */

/* Begin PBXGroup section */
		FE282B8D2A287F5B00282082 /* Resources */ = {
			isa = PBXGroup;
			children = (
				FE282B8E2A287F7700282082 /* faqData.json */,
			);
			path = Resources;
			sourceTree = "<group>";
		};
		FE282B942A28833700282082 /* Buttons */ = {
			isa = PBXGroup;
			children = (
				FE282B952A28834C00282082 /* PrimaryButton.swift */,
			);
			path = Buttons;
			sourceTree = "<group>";
		};
		FE282BA22A28962B00282082 /* ViewModels */ = {
			isa = PBXGroup;
			children = (
				FE282BA32A28964300282082 /* CertificateViewModel.swift */,
			);
			path = ViewModels;
			sourceTree = "<group>";
		};
		FE282BA72A2899CE00282082 /* Cards */ = {
			isa = PBXGroup;
			children = (
				FE282BA82A2899D900282082 /* CertificateCard.swift */,
			);
			path = Cards;
			sourceTree = "<group>";
		};
		FE282BAE2A28D2F300282082 /* Frameworks */ = {
			isa = PBXGroup;
			children = (
			);
			name = Frameworks;
			sourceTree = "<group>";
		};
		FE282BB52A28D72800282082 /* AppMain */ = {
			isa = PBXGroup;
			children = (
				FEC07D742A27882E00941656 /* SwiftUICombineAndDataApp.swift */,
				FE282BB62A28D73B00282082 /* AppDelegate.swift */,
			);
			path = AppMain;
			sourceTree = "<group>";
		};
		FEC07D682A27882E00941656 = {
			isa = PBXGroup;
			children = (
				FEC07D732A27882E00941656 /* SwiftUICombineAndData */,
				FEC07D722A27882E00941656 /* Products */,
				FE282BAE2A28D2F300282082 /* Frameworks */,
			);
			sourceTree = "<group>";
		};
		FEC07D722A27882E00941656 /* Products */ = {
			isa = PBXGroup;
			children = (
				FEC07D712A27882E00941656 /* SwiftUICombineAndData.app */,
			);
			name = Products;
			sourceTree = "<group>";
		};
		FEC07D732A27882E00941656 /* SwiftUICombineAndData */ = {
			isa = PBXGroup;
			children = (
				FE282BB52A28D72800282082 /* AppMain */,
				FE282BB42A28D6BC00282082 /* Info.plist */,
				FE282BB32A28D69400282082 /* SwiftUICombineAndData.entitlements */,
				FE282BA22A28962B00282082 /* ViewModels */,
				FE282B8D2A287F5B00282082 /* Resources */,
				FEC07D952A27A87B00941656 /* Models */,
				FEC07D942A279A2500941656 /* Utils */,
				FEC07D922A279A0B00941656 /* Components */,
				FEC07D912A2799F700941656 /* Views */,
				FEC07D822A27891E00941656 /* Graphics */,
				FEC07D762A27882E00941656 /* ContentView.swift */,
				FEC07D782A27882F00941656 /* Assets.xcassets */,
				FE282B9E2A28923000282082 /* GoogleService-Info.plist */,
				FEC07D7A2A27882F00941656 /* Preview Content */,
			);
			path = SwiftUICombineAndData;
			sourceTree = "<group>";
		};
		FEC07D7A2A27882F00941656 /* Preview Content */ = {
			isa = PBXGroup;
			children = (
				FEC07D7B2A27882F00941656 /* Preview Assets.xcassets */,
			);
			path = "Preview Content";
			sourceTree = "<group>";
		};
		FEC07D822A27891E00941656 /* Graphics */ = {
			isa = PBXGroup;
			children = (
				FEC07D832A27891E00941656 /* VisualEffectBlur.swift */,
				FEC07D842A27891E00941656 /* AccountBackground.swift */,
			);
			path = Graphics;
			sourceTree = "<group>";
		};
		FEC07D912A2799F700941656 /* Views */ = {
			isa = PBXGroup;
			children = (
				FEC07D8D2A2799E900941656 /* FAQView.swift */,
				FEC07D8F2A2799F300941656 /* PackagesView.swift */,
				FE282BA52A28995E00282082 /* CertificatesView.swift */,
			);
			path = Views;
			sourceTree = "<group>";
		};
		FEC07D922A279A0B00941656 /* Components */ = {
			isa = PBXGroup;
			children = (
				FEC07D8B2A27936500941656 /* GradientIcon.swift */,
				FE282BA72A2899CE00282082 /* Cards */,
				FE282B942A28833700282082 /* Buttons */,
				FEC07D932A279A1000941656 /* Rows */,
			);
			path = Components;
			sourceTree = "<group>";
		};
		FEC07D932A279A1000941656 /* Rows */ = {
			isa = PBXGroup;
			children = (
				FEC07D892A27927C00941656 /* MenuRow.swift */,
				FEC07D982A27A94A00941656 /* PackageRow.swift */,
				FE282B922A28814600282082 /* FAQRow.swift */,
				FE282B992A28873100282082 /* ProfileRow.swift */,
				FE282BAA2A28ADFD00282082 /* NotificationRow.swift */,
				FE282BAC2A28AEF500282082 /* LiteModeRow.swift */,
			);
			path = Rows;
			sourceTree = "<group>";
		};
		FEC07D942A279A2500941656 /* Utils */ = {
			isa = PBXGroup;
			children = (
				FEC07D872A278A6000941656 /* TrackableScrollView.swift */,
				FE282B902A287FF600282082 /* ModelData.swift */,
				FE282B972A2883FC00282082 /* Extensions.swift */,
				FE282BBA2A28F43900282082 /* NetworkReachability.swift */,
			);
			path = Utils;
			sourceTree = "<group>";
		};
		FEC07D952A27A87B00941656 /* Models */ = {
			isa = PBXGroup;
			children = (
				FEC07D962A27A88500941656 /* Package.swift */,
				FE282B8B2A287EFC00282082 /* FAQ.swift */,
				FE282BA02A2893A700282082 /* Certificate.swift */,
				FE282BB82A28E8B600282082 /* NotificationViewModel.swift */,
			);
			path = Models;
			sourceTree = "<group>";
		};
/* End PBXGroup section */

/* Begin PBXNativeTarget section */
		FEC07D702A27882E00941656 /* SwiftUICombineAndData */ = {
			isa = PBXNativeTarget;
			buildConfigurationList = FEC07D7F2A27882F00941656 /* Build configuration list for PBXNativeTarget "SwiftUICombineAndData" */;
			buildPhases = (
				FEC07D6D2A27882E00941656 /* Sources */,
				FEC07D6E2A27882E00941656 /* Frameworks */,
				FEC07D6F2A27882E00941656 /* Resources */,
			);
			buildRules = (
			);
			dependencies = (
			);
			name = SwiftUICombineAndData;
			packageProductDependencies = (
				FE282B9C2A28916000282082 /* FirebaseFirestore */,
				FE282BAF2A28D2F300282082 /* FirebaseAnalytics */,
				FE282BB12A28D2F300282082 /* FirebaseMessaging */,
			);
			productName = SwiftUICombineAndData;
			productReference = FEC07D712A27882E00941656 /* SwiftUICombineAndData.app */;
			productType = "com.apple.product-type.application";
		};
/* End PBXNativeTarget section */

/* Begin PBXProject section */
		FEC07D692A27882E00941656 /* Project object */ = {
			isa = PBXProject;
			attributes = {
				BuildIndependentTargetsInParallel = 1;
				LastSwiftUpdateCheck = 1430;
				LastUpgradeCheck = 1430;
				TargetAttributes = {
					FEC07D702A27882E00941656 = {
						CreatedOnToolsVersion = 14.3;
					};
				};
			};
			buildConfigurationList = FEC07D6C2A27882E00941656 /* Build configuration list for PBXProject "SwiftUICombineAndData" */;
			compatibilityVersion = "Xcode 14.0";
			developmentRegion = en;
			hasScannedForEncodings = 0;
			knownRegions = (
				en,
				Base,
			);
			mainGroup = FEC07D682A27882E00941656;
			packageReferences = (
				FE282B9B2A28916000282082 /* XCRemoteSwiftPackageReference "firebase-ios-sdk" */,
			);
			productRefGroup = FEC07D722A27882E00941656 /* Products */;
			projectDirPath = "";
			projectRoot = "";
			targets = (
				FEC07D702A27882E00941656 /* SwiftUICombineAndData */,
			);
		};
/* End PBXProject section */

/* Begin PBXResourcesBuildPhase section */
		FEC07D6F2A27882E00941656 /* Resources */ = {
			isa = PBXResourcesBuildPhase;
			buildActionMask = 2147483647;
			files = (
				FEC07D7C2A27882F00941656 /* Preview Assets.xcassets in Resources */,
				FEC07D792A27882F00941656 /* Assets.xcassets in Resources */,
				FE282B8F2A287F7700282082 /* faqData.json in Resources */,
				FE282B9F2A28923000282082 /* GoogleService-Info.plist in Resources */,
			);
			runOnlyForDeploymentPostprocessing = 0;
		};
/* End PBXResourcesBuildPhase section */

/* Begin PBXSourcesBuildPhase section */
		FEC07D6D2A27882E00941656 /* Sources */ = {
			isa = PBXSourcesBuildPhase;
			buildActionMask = 2147483647;
			files = (
				FE282BB72A28D73B00282082 /* AppDelegate.swift in Sources */,
				FEC07D852A27891E00941656 /* VisualEffectBlur.swift in Sources */,
				FE282BAB2A28ADFD00282082 /* NotificationRow.swift in Sources */,
				FE282B932A28814600282082 /* FAQRow.swift in Sources */,
				FEC07D882A278A6000941656 /* TrackableScrollView.swift in Sources */,
				FE282BA12A2893A700282082 /* Certificate.swift in Sources */,
				FEC07D772A27882E00941656 /* ContentView.swift in Sources */,
				FE282BBB2A28F43900282082 /* NetworkReachability.swift in Sources */,
				FE282B912A287FF600282082 /* ModelData.swift in Sources */,
				FEC07D992A27A94A00941656 /* PackageRow.swift in Sources */,
				FEC07D8E2A2799E900941656 /* FAQView.swift in Sources */,
				FEC07D902A2799F300941656 /* PackagesView.swift in Sources */,
				FEC07D8C2A27936500941656 /* GradientIcon.swift in Sources */,
				FE282BA42A28964300282082 /* CertificateViewModel.swift in Sources */,
				FE282BA92A2899D900282082 /* CertificateCard.swift in Sources */,
				FE282B9A2A28873100282082 /* ProfileRow.swift in Sources */,
				FEC07D972A27A88500941656 /* Package.swift in Sources */,
				FE282B8C2A287EFC00282082 /* FAQ.swift in Sources */,
				FE282BAD2A28AEF500282082 /* LiteModeRow.swift in Sources */,
				FE282B982A2883FC00282082 /* Extensions.swift in Sources */,
				FEC07D752A27882E00941656 /* SwiftUICombineAndDataApp.swift in Sources */,
				FE282B962A28834C00282082 /* PrimaryButton.swift in Sources */,
				FE282BB92A28E8B600282082 /* NotificationViewModel.swift in Sources */,
				FEC07D862A27891E00941656 /* AccountBackground.swift in Sources */,
				FE282BA62A28995E00282082 /* CertificatesView.swift in Sources */,
				FEC07D8A2A27927C00941656 /* MenuRow.swift in Sources */,
			);
			runOnlyForDeploymentPostprocessing = 0;
		};
/* End PBXSourcesBuildPhase section */

/* Begin XCBuildConfiguration section */
		FEC07D7D2A27882F00941656 /* Debug */ = {
			isa = XCBuildConfiguration;
			buildSettings = {
				ALWAYS_SEARCH_USER_PATHS = NO;
				CLANG_ANALYZER_NONNULL = YES;
				CLANG_ANALYZER_NUMBER_OBJECT_CONVERSION = YES_AGGRESSIVE;
				CLANG_CXX_LANGUAGE_STANDARD = "gnu++20";
				CLANG_ENABLE_MODULES = YES;
				CLANG_ENABLE_OBJC_ARC = YES;
				CLANG_ENABLE_OBJC_WEAK = YES;
				CLANG_WARN_BLOCK_CAPTURE_AUTORELEASING = YES;
				CLANG_WARN_BOOL_CONVERSION = YES;
				CLANG_WARN_COMMA = YES;
				CLANG_WARN_CONSTANT_CONVERSION = YES;
				CLANG_WARN_DEPRECATED_OBJC_IMPLEMENTATIONS = YES;
				CLANG_WARN_DIRECT_OBJC_ISA_USAGE = YES_ERROR;
				CLANG_WARN_DOCUMENTATION_COMMENTS = YES;
				CLANG_WARN_EMPTY_BODY = YES;
				CLANG_WARN_ENUM_CONVERSION = YES;
				CLANG_WARN_INFINITE_RECURSION = YES;
				CLANG_WARN_INT_CONVERSION = YES;
				CLANG_WARN_NON_LITERAL_NULL_CONVERSION = YES;
				CLANG_WARN_OBJC_IMPLICIT_RETAIN_SELF = YES;
				CLANG_WARN_OBJC_LITERAL_CONVERSION = YES;
				CLANG_WARN_OBJC_ROOT_CLASS = YES_ERROR;
				CLANG_WARN_QUOTED_INCLUDE_IN_FRAMEWORK_HEADER = YES;
				CLANG_WARN_RANGE_LOOP_ANALYSIS = YES;
				CLANG_WARN_STRICT_PROTOTYPES = YES;
				CLANG_WARN_SUSPICIOUS_MOVE = YES;
				CLANG_WARN_UNGUARDED_AVAILABILITY = YES_AGGRESSIVE;
				CLANG_WARN_UNREACHABLE_CODE = YES;
				CLANG_WARN__DUPLICATE_METHOD_MATCH = YES;
				COPY_PHASE_STRIP = NO;
				DEBUG_INFORMATION_FORMAT = dwarf;
				ENABLE_STRICT_OBJC_MSGSEND = YES;
				ENABLE_TESTABILITY = YES;
				GCC_C_LANGUAGE_STANDARD = gnu11;
				GCC_DYNAMIC_NO_PIC = NO;
				GCC_NO_COMMON_BLOCKS = YES;
				GCC_OPTIMIZATION_LEVEL = 0;
				GCC_PREPROCESSOR_DEFINITIONS = (
					"DEBUG=1",
					"$(inherited)",
				);
				GCC_WARN_64_TO_32_BIT_CONVERSION = YES;
				GCC_WARN_ABOUT_RETURN_TYPE = YES_ERROR;
				GCC_WARN_UNDECLARED_SELECTOR = YES;
				GCC_WARN_UNINITIALIZED_AUTOS = YES_AGGRESSIVE;
				GCC_WARN_UNUSED_FUNCTION = YES;
				GCC_WARN_UNUSED_VARIABLE = YES;
				IPHONEOS_DEPLOYMENT_TARGET = 16.0;
				MTL_ENABLE_DEBUG_INFO = INCLUDE_SOURCE;
				MTL_FAST_MATH = YES;
				ONLY_ACTIVE_ARCH = YES;
				SDKROOT = iphoneos;
				SWIFT_ACTIVE_COMPILATION_CONDITIONS = DEBUG;
				SWIFT_OPTIMIZATION_LEVEL = "-Onone";
			};
			name = Debug;
		};
		FEC07D7E2A27882F00941656 /* Release */ = {
			isa = XCBuildConfiguration;
			buildSettings = {
				ALWAYS_SEARCH_USER_PATHS = NO;
				CLANG_ANALYZER_NONNULL = YES;
				CLANG_ANALYZER_NUMBER_OBJECT_CONVERSION = YES_AGGRESSIVE;
				CLANG_CXX_LANGUAGE_STANDARD = "gnu++20";
				CLANG_ENABLE_MODULES = YES;
				CLANG_ENABLE_OBJC_ARC = YES;
				CLANG_ENABLE_OBJC_WEAK = YES;
				CLANG_WARN_BLOCK_CAPTURE_AUTORELEASING = YES;
				CLANG_WARN_BOOL_CONVERSION = YES;
				CLANG_WARN_COMMA = YES;
				CLANG_WARN_CONSTANT_CONVERSION = YES;
				CLANG_WARN_DEPRECATED_OBJC_IMPLEMENTATIONS = YES;
				CLANG_WARN_DIRECT_OBJC_ISA_USAGE = YES_ERROR;
				CLANG_WARN_DOCUMENTATION_COMMENTS = YES;
				CLANG_WARN_EMPTY_BODY = YES;
				CLANG_WARN_ENUM_CONVERSION = YES;
				CLANG_WARN_INFINITE_RECURSION = YES;
				CLANG_WARN_INT_CONVERSION = YES;
				CLANG_WARN_NON_LITERAL_NULL_CONVERSION = YES;
				CLANG_WARN_OBJC_IMPLICIT_RETAIN_SELF = YES;
				CLANG_WARN_OBJC_LITERAL_CONVERSION = YES;
				CLANG_WARN_OBJC_ROOT_CLASS = YES_ERROR;
				CLANG_WARN_QUOTED_INCLUDE_IN_FRAMEWORK_HEADER = YES;
				CLANG_WARN_RANGE_LOOP_ANALYSIS = YES;
				CLANG_WARN_STRICT_PROTOTYPES = YES;
				CLANG_WARN_SUSPICIOUS_MOVE = YES;
				CLANG_WARN_UNGUARDED_AVAILABILITY = YES_AGGRESSIVE;
				CLANG_WARN_UNREACHABLE_CODE = YES;
				CLANG_WARN__DUPLICATE_METHOD_MATCH = YES;
				COPY_PHASE_STRIP = NO;
				DEBUG_INFORMATION_FORMAT = "dwarf-with-dsym";
				ENABLE_NS_ASSERTIONS = NO;
				ENABLE_STRICT_OBJC_MSGSEND = YES;
				GCC_C_LANGUAGE_STANDARD = gnu11;
				GCC_NO_COMMON_BLOCKS = YES;
				GCC_WARN_64_TO_32_BIT_CONVERSION = YES;
				GCC_WARN_ABOUT_RETURN_TYPE = YES_ERROR;
				GCC_WARN_UNDECLARED_SELECTOR = YES;
				GCC_WARN_UNINITIALIZED_AUTOS = YES_AGGRESSIVE;
				GCC_WARN_UNUSED_FUNCTION = YES;
				GCC_WARN_UNUSED_VARIABLE = YES;
				IPHONEOS_DEPLOYMENT_TARGET = 16.0;
				MTL_ENABLE_DEBUG_INFO = NO;
				MTL_FAST_MATH = YES;
				SDKROOT = iphoneos;
				SWIFT_COMPILATION_MODE = wholemodule;
				SWIFT_OPTIMIZATION_LEVEL = "-O";
				VALIDATE_PRODUCT = YES;
			};
			name = Release;
		};
		FEC07D802A27882F00941656 /* Debug */ = {
			isa = XCBuildConfiguration;
			buildSettings = {
				ASSETCATALOG_COMPILER_APPICON_NAME = AppIcon;
				ASSETCATALOG_COMPILER_GLOBAL_ACCENT_COLOR_NAME = AccentColor;
				CODE_SIGN_ENTITLEMENTS = SwiftUICombineAndData/SwiftUICombineAndData.entitlements;
				CODE_SIGN_STYLE = Automatic;
				CURRENT_PROJECT_VERSION = 1;
				DEVELOPMENT_ASSET_PATHS = "\"SwiftUICombineAndData/Preview Content\"";
				DEVELOPMENT_TEAM = T3Y3F3RZUZ;
				ENABLE_PREVIEWS = YES;
				GENERATE_INFOPLIST_FILE = YES;
				INFOPLIST_FILE = SwiftUICombineAndData/Info.plist;
				INFOPLIST_KEY_UIApplicationSceneManifest_Generation = YES;
				INFOPLIST_KEY_UIApplicationSupportsIndirectInputEvents = YES;
				INFOPLIST_KEY_UILaunchScreen_Generation = YES;
				INFOPLIST_KEY_UISupportedInterfaceOrientations_iPad = "UIInterfaceOrientationPortrait UIInterfaceOrientationPortraitUpsideDown UIInterfaceOrientationLandscapeLeft UIInterfaceOrientationLandscapeRight";
				INFOPLIST_KEY_UISupportedInterfaceOrientations_iPhone = "UIInterfaceOrientationPortrait UIInterfaceOrientationLandscapeLeft UIInterfaceOrientationLandscapeRight";
				IPHONEOS_DEPLOYMENT_TARGET = 16.0;
				LD_RUNPATH_SEARCH_PATHS = (
					"$(inherited)",
					"@executable_path/Frameworks",
				);
				MARKETING_VERSION = 1.0;
				PRODUCT_BUNDLE_IDENTIFIER = it.spaarkly.SwiftUICombineAndData;
				PRODUCT_NAME = "$(TARGET_NAME)";
				SWIFT_EMIT_LOC_STRINGS = YES;
				SWIFT_VERSION = 5.0;
				TARGETED_DEVICE_FAMILY = "1,2";
			};
			name = Debug;
		};
		FEC07D812A27882F00941656 /* Release */ = {
			isa = XCBuildConfiguration;
			buildSettings = {
				ASSETCATALOG_COMPILER_APPICON_NAME = AppIcon;
				ASSETCATALOG_COMPILER_GLOBAL_ACCENT_COLOR_NAME = AccentColor;
				CODE_SIGN_ENTITLEMENTS = SwiftUICombineAndData/SwiftUICombineAndData.entitlements;
				CODE_SIGN_STYLE = Automatic;
				CURRENT_PROJECT_VERSION = 1;
				DEVELOPMENT_ASSET_PATHS = "\"SwiftUICombineAndData/Preview Content\"";
				DEVELOPMENT_TEAM = T3Y3F3RZUZ;
				ENABLE_PREVIEWS = YES;
				GENERATE_INFOPLIST_FILE = YES;
				INFOPLIST_FILE = SwiftUICombineAndData/Info.plist;
				INFOPLIST_KEY_UIApplicationSceneManifest_Generation = YES;
				INFOPLIST_KEY_UIApplicationSupportsIndirectInputEvents = YES;
				INFOPLIST_KEY_UILaunchScreen_Generation = YES;
				INFOPLIST_KEY_UISupportedInterfaceOrientations_iPad = "UIInterfaceOrientationPortrait UIInterfaceOrientationPortraitUpsideDown UIInterfaceOrientationLandscapeLeft UIInterfaceOrientationLandscapeRight";
				INFOPLIST_KEY_UISupportedInterfaceOrientations_iPhone = "UIInterfaceOrientationPortrait UIInterfaceOrientationLandscapeLeft UIInterfaceOrientationLandscapeRight";
				IPHONEOS_DEPLOYMENT_TARGET = 16.0;
				LD_RUNPATH_SEARCH_PATHS = (
					"$(inherited)",
					"@executable_path/Frameworks",
				);
				MARKETING_VERSION = 1.0;
				PRODUCT_BUNDLE_IDENTIFIER = it.spaarkly.SwiftUICombineAndData;
				PRODUCT_NAME = "$(TARGET_NAME)";
				SWIFT_EMIT_LOC_STRINGS = YES;
				SWIFT_VERSION = 5.0;
				TARGETED_DEVICE_FAMILY = "1,2";
			};
			name = Release;
		};
/* End XCBuildConfiguration section */

/* Begin XCConfigurationList section */
		FEC07D6C2A27882E00941656 /* Build configuration list for PBXProject "SwiftUICombineAndData" */ = {
			isa = XCConfigurationList;
			buildConfigurations = (
				FEC07D7D2A27882F00941656 /* Debug */,
				FEC07D7E2A27882F00941656 /* Release */,
			);
			defaultConfigurationIsVisible = 0;
			defaultConfigurationName = Release;
		};
		FEC07D7F2A27882F00941656 /* Build configuration list for PBXNativeTarget "SwiftUICombineAndData" */ = {
			isa = XCConfigurationList;
			buildConfigurations = (
				FEC07D802A27882F00941656 /* Debug */,
				FEC07D812A27882F00941656 /* Release */,
			);
			defaultConfigurationIsVisible = 0;
			defaultConfigurationName = Release;
		};
/* End XCConfigurationList section */

/* Begin XCRemoteSwiftPackageReference section */
		FE282B9B2A28916000282082 /* XCRemoteSwiftPackageReference "firebase-ios-sdk" */ = {
			isa = XCRemoteSwiftPackageReference;
			repositoryURL = "https://github.com/firebase/firebase-ios-sdk.git";
			requirement = {
				kind = upToNextMajorVersion;
				minimumVersion = 10.0.0;
			};
		};
/* End XCRemoteSwiftPackageReference section */

/* Begin XCSwiftPackageProductDependency section */
		FE282B9C2A28916000282082 /* FirebaseFirestore */ = {
			isa = XCSwiftPackageProductDependency;
			package = FE282B9B2A28916000282082 /* XCRemoteSwiftPackageReference "firebase-ios-sdk" */;
			productName = FirebaseFirestore;
		};
		FE282BAF2A28D2F300282082 /* FirebaseAnalytics */ = {
			isa = XCSwiftPackageProductDependency;
			package = FE282B9B2A28916000282082 /* XCRemoteSwiftPackageReference "firebase-ios-sdk" */;
			productName = FirebaseAnalytics;
		};
		FE282BB12A28D2F300282082 /* FirebaseMessaging */ = {
			isa = XCSwiftPackageProductDependency;
			package = FE282B9B2A28916000282082 /* XCRemoteSwiftPackageReference "firebase-ios-sdk" */;
			productName = FirebaseMessaging;
		};
/* End XCSwiftPackageProductDependency section */
	};
	rootObject = FEC07D692A27882E00941656 /* Project object */;
}
